
Microsoft Visual Studio Solution File, Format Version 12.00
# Visual Studio 15
VisualStudioVersion = 15.0.28010.2048
MinimumVisualStudioVersion = 10.0.40219.1
Project("{FAE04EC0-301F-11D3-BF4B-00C04F79EFBC}") = "BiteBank.Portal", "BiteBank.Portal\BiteBank.Portal.csproj", "{D8152F2C-7192-46B9-A9D8-AEFD5AA3A124}"
EndProject
Global
	GlobalSection(SolutionConfigurationPlatforms) = preSolution
		Debug|Any CPU = Debug|Any CPU
		Release|Any CPU = Release|Any CPU
	EndGlobalSection
	GlobalSection(ProjectConfigurationPlatforms) = postSolution
		{D8152F2C-7192-46B9-A9D8-AEFD5AA3A124}.Debug|Any CPU.ActiveCfg = Debug|Any CPU
		{D8152F2C-7192-46B9-A9D8-AEFD5AA3A124}.Debug|Any CPU.Build.0 = Debug|Any CPU
		{D8152F2C-7192-46B9-A9D8-AEFD5AA3A124}.Release|Any CPU.ActiveCfg = Release|Any CPU
		{D8152F2C-7192-46B9-A9D8-AEFD5AA3A124}.Release|Any CPU.Build.0 = Release|Any CPU
	EndGlobalSection
	GlobalSection(SolutionProperties) = preSolution
		HideSolutionNode = FALSE
	EndGlobalSection
	GlobalSection(ExtensibilityGlobals) = postSolution
		SolutionGuid = {495484F4-B574-4968-AC53-4A8D85ED3F65}
	EndGlobalSection
EndGlobal
